
Microsoft Visual Studio Solution File, Format Version 11.00
# Visual Studio 2010
Project("{8BC9CEB8-8B4A-11D0-8D11-00A0C91BC942}") = "FileTuto", "FileTuto\FileTuto.vcxproj", "{8797E06D-96DE-456D-A487-84EB140B2386}"
EndProject
Global
	GlobalSection(SolutionConfigurationPlatforms) = preSolution
		Debug|Win32 = Debug|Win32
		Release|Win32 = Release|Win32
	EndGlobalSection
	GlobalSection(ProjectConfigurationPlatforms) = postSolution
		{8797E06D-96DE-456D-A487-84EB140B2386}.Debug|Win32.ActiveCfg = Debug|Win32
		{8797E06D-96DE-456D-A487-84EB140B2386}.Debug|Win32.Build.0 = Debug|Win32
		{8797E06D-96DE-456D-A487-84EB140B2386}.Release|Win32.ActiveCfg = Release|Win32
		{8797E06D-96DE-456D-A487-84EB140B2386}.Release|Win32.Build.0 = Release|Win32
	EndGlobalSection
	GlobalSection(SolutionProperties) = preSolution
		HideSolutionNode = FALSE
	EndGlobalSection
EndGlobal
